
Microsoft Visual Studio Solution File, Format Version 12.00
# Visual Studio 14
VisualStudioVersion = 14.0.23107.0
MinimumVisualStudioVersion = 10.0.40219.1
Project("{FAE04EC0-301F-11D3-BF4B-00C04F79EFBC}") = "LogAn", "LogAn\LogAn.csproj", "{F013D8B4-B99E-4724-B2F9-DE14FDE0D7CA}"
EndProject
Project("{FAE04EC0-301F-11D3-BF4B-00C04F79EFBC}") = "LogAn.UnitTests", "LogAn.UnitTests\LogAn.UnitTests.csproj", "{5E527041-B93B-49C0-A9F3-0FA2433B03B0}"
EndProject
Project("{FAE04EC0-301F-11D3-BF4B-00C04F79EFBC}") = "LogAnWithSubstitute.UnitTests", "LogAnWithSubstitute.UnitTests\LogAnWithSubstitute.UnitTests.csproj", "{3365B729-6BB9-45EB-B238-C604AFF9CEBF}"
EndProject
Global
	GlobalSection(SolutionConfigurationPlatforms) = preSolution
		Debug|Any CPU = Debug|Any CPU
		Release|Any CPU = Release|Any CPU
	EndGlobalSection
	GlobalSection(ProjectConfigurationPlatforms) = postSolution
		{F013D8B4-B99E-4724-B2F9-DE14FDE0D7CA}.Debug|Any CPU.ActiveCfg = Debug|Any CPU
		{F013D8B4-B99E-4724-B2F9-DE14FDE0D7CA}.Debug|Any CPU.Build.0 = Debug|Any CPU
		{F013D8B4-B99E-4724-B2F9-DE14FDE0D7CA}.Release|Any CPU.ActiveCfg = Release|Any CPU
		{F013D8B4-B99E-4724-B2F9-DE14FDE0D7CA}.Release|Any CPU.Build.0 = Release|Any CPU
		{5E527041-B93B-49C0-A9F3-0FA2433B03B0}.Debug|Any CPU.ActiveCfg = Debug|Any CPU
		{5E527041-B93B-49C0-A9F3-0FA2433B03B0}.Debug|Any CPU.Build.0 = Debug|Any CPU
		{5E527041-B93B-49C0-A9F3-0FA2433B03B0}.Release|Any CPU.ActiveCfg = Release|Any CPU
		{5E527041-B93B-49C0-A9F3-0FA2433B03B0}.Release|Any CPU.Build.0 = Release|Any CPU
		{3365B729-6BB9-45EB-B238-C604AFF9CEBF}.Debug|Any CPU.ActiveCfg = Debug|Any CPU
		{3365B729-6BB9-45EB-B238-C604AFF9CEBF}.Debug|Any CPU.Build.0 = Debug|Any CPU
		{3365B729-6BB9-45EB-B238-C604AFF9CEBF}.Release|Any CPU.ActiveCfg = Release|Any CPU
		{3365B729-6BB9-45EB-B238-C604AFF9CEBF}.Release|Any CPU.Build.0 = Release|Any CPU
	EndGlobalSection
	GlobalSection(SolutionProperties) = preSolution
		HideSolutionNode = FALSE
	EndGlobalSection
EndGlobal
